// !$*UTF8*$!
{
	archiveVersion = 1;
	classes = {
	};
	objectVersion = 46;
	objects = {

/* Begin PBXBuildFile section */
		9F29F2AA1C99D9BE00605210 /* AudioPlayerManager.swift in Sources */ = {isa = PBXBuildFile; fileRef = 9F29F2A91C99D9BE00605210 /* AudioPlayerManager.swift */; };
		9F7EE5D81C9F055C00488D49 /* voice3.mp3 in Resources */ = {isa = PBXBuildFile; fileRef = 9F7EE5D71C9F055C00488D49 /* voice3.mp3 */; };
		9F8ABA0B1C9464B4009DE4D3 /* ConfigureViewController.storyboard in Resources */ = {isa = PBXBuildFile; fileRef = 9F8ABA0A1C9464B4009DE4D3 /* ConfigureViewController.storyboard */; };
		9F8ABA0D1C9464E0009DE4D3 /* ConfigureViewController.swift in Sources */ = {isa = PBXBuildFile; fileRef = 9F8ABA0C1C9464E0009DE4D3 /* ConfigureViewController.swift */; };
		9F8ABA0F1C946FA5009DE4D3 /* ThreadHandler.swift in Sources */ = {isa = PBXBuildFile; fileRef = 9F8ABA0E1C946FA5009DE4D3 /* ThreadHandler.swift */; };
		9F8ABA111C949890009DE4D3 /* AudioTrack.swift in Sources */ = {isa = PBXBuildFile; fileRef = 9F8ABA101C949890009DE4D3 /* AudioTrack.swift */; };
		9F8ABA151C949D80009DE4D3 /* Alarm.swift in Sources */ = {isa = PBXBuildFile; fileRef = 9F8ABA141C949D80009DE4D3 /* Alarm.swift */; };
		9F8ABA181C94C691009DE4D3 /* AlertsUtils.swift in Sources */ = {isa = PBXBuildFile; fileRef = 9F8ABA171C94C691009DE4D3 /* AlertsUtils.swift */; };
		9FA896981C86302500AEF51F /* AppDelegate.swift in Sources */ = {isa = PBXBuildFile; fileRef = 9FA896971C86302500AEF51F /* AppDelegate.swift */; };
		9FA8969A1C86302500AEF51F /* AlarmViewController.swift in Sources */ = {isa = PBXBuildFile; fileRef = 9FA896991C86302500AEF51F /* AlarmViewController.swift */; };
		9FA8969D1C86302500AEF51F /* Main.storyboard in Resources */ = {isa = PBXBuildFile; fileRef = 9FA8969B1C86302500AEF51F /* Main.storyboard */; };
		9FA8969F1C86302500AEF51F /* Assets.xcassets in Resources */ = {isa = PBXBuildFile; fileRef = 9FA8969E1C86302500AEF51F /* Assets.xcassets */; };
		9FA896A21C86302500AEF51F /* LaunchScreen.storyboard in Resources */ = {isa = PBXBuildFile; fileRef = 9FA896A01C86302500AEF51F /* LaunchScreen.storyboard */; };
		9FA896AD1C86302500AEF51F /* AlarmTests.swift in Sources */ = {isa = PBXBuildFile; fileRef = 9FA896AC1C86302500AEF51F /* AlarmTests.swift */; };
		9FA896B81C86302500AEF51F /* AlarmUITests.swift in Sources */ = {isa = PBXBuildFile; fileRef = 9FA896B71C86302500AEF51F /* AlarmUITests.swift */; };
		9FB2999A1C94607E00C6D4D2 /* theme2.mp3 in Resources */ = {isa = PBXBuildFile; fileRef = 9FB299971C94607E00C6D4D2 /* theme2.mp3 */; };
		9FB2999B1C94607E00C6D4D2 /* theme3.mp3 in Resources */ = {isa = PBXBuildFile; fileRef = 9FB299981C94607E00C6D4D2 /* theme3.mp3 */; };
		9FE940E71C90AA0600DD69A8 /* ambient1.mp3 in Resources */ = {isa = PBXBuildFile; fileRef = 9FE940E41C90AA0600DD69A8 /* ambient1.mp3 */; };
		9FE940E91C90AA0600DD69A8 /* ambient3.mp3 in Resources */ = {isa = PBXBuildFile; fileRef = 9FE940E61C90AA0600DD69A8 /* ambient3.mp3 */; };
		9FE940F31C90AA2700DD69A8 /* voice1.mp3 in Resources */ = {isa = PBXBuildFile; fileRef = 9FE940F01C90AA2700DD69A8 /* voice1.mp3 */; };
		9FE940F41C90AA2700DD69A8 /* voice2.mp3 in Resources */ = {isa = PBXBuildFile; fileRef = 9FE940F11C90AA2700DD69A8 /* voice2.mp3 */; };
		B8078AEDC7E3948D05360849 /* Pods.framework in Frameworks */ = {isa = PBXBuildFile; fileRef = 7F1ED0B4611F74D735DFD3EB /* Pods.framework */; };
/* End PBXBuildFile section */

/* Begin PBXContainerItemProxy section */
		9FA896A91C86302500AEF51F /* PBXContainerItemProxy */ = {
			isa = PBXContainerItemProxy;
			containerPortal = 9FA8968C1C86302500AEF51F /* Project object */;
			proxyType = 1;
			remoteGlobalIDString = 9FA896931C86302500AEF51F;
			remoteInfo = Alarm;
		};
		9FA896B41C86302500AEF51F /* PBXContainerItemProxy */ = {
			isa = PBXContainerItemProxy;
			containerPortal = 9FA8968C1C86302500AEF51F /* Project object */;
			proxyType = 1;
			remoteGlobalIDString = 9FA896931C86302500AEF51F;
			remoteInfo = Alarm;
		};
/* End PBXContainerItemProxy section */

/* Begin PBXFileReference section */
		4B59CD66BD5E895336EFF690 /* Pods.release.xcconfig */ = {isa = PBXFileReference; includeInIndex = 1; lastKnownFileType = text.xcconfig; name = Pods.release.xcconfig; path = "Pods/Target Support Files/Pods/Pods.release.xcconfig"; sourceTree = "<group>"; };
		7F1ED0B4611F74D735DFD3EB /* Pods.framework */ = {isa = PBXFileReference; explicitFileType = wrapper.framework; includeInIndex = 0; path = Pods.framework; sourceTree = BUILT_PRODUCTS_DIR; };
		8CBC5D31F711DA7198BED1DD /* Pods.debug.xcconfig */ = {isa = PBXFileReference; includeInIndex = 1; lastKnownFileType = text.xcconfig; name = Pods.debug.xcconfig; path = "Pods/Target Support Files/Pods/Pods.debug.xcconfig"; sourceTree = "<group>"; };
		9F29F2A91C99D9BE00605210 /* AudioPlayerManager.swift */ = {isa = PBXFileReference; fileEncoding = 4; lastKnownFileType = sourcecode.swift; path = AudioPlayerManager.swift; sourceTree = "<group>"; };
		9F7EE5D71C9F055C00488D49 /* voice3.mp3 */ = {isa = PBXFileReference; lastKnownFileType = audio.mp3; path = voice3.mp3; sourceTree = "<group>"; };
		9F8ABA0A1C9464B4009DE4D3 /* ConfigureViewController.storyboard */ = {isa = PBXFileReference; fileEncoding = 4; lastKnownFileType = file.storyboard; path = ConfigureViewController.storyboard; sourceTree = "<group>"; };
		9F8ABA0C1C9464E0009DE4D3 /* ConfigureViewController.swift */ = {isa = PBXFileReference; fileEncoding = 4; lastKnownFileType = sourcecode.swift; path = ConfigureViewController.swift; sourceTree = "<group>"; };
		9F8ABA0E1C946FA5009DE4D3 /* ThreadHandler.swift */ = {isa = PBXFileReference; fileEncoding = 4; lastKnownFileType = sourcecode.swift; path = ThreadHandler.swift; sourceTree = "<group>"; };
		9F8ABA101C949890009DE4D3 /* AudioTrack.swift */ = {isa = PBXFileReference; fileEncoding = 4; lastKnownFileType = sourcecode.swift; path = AudioTrack.swift; sourceTree = "<group>"; };
		9F8ABA141C949D80009DE4D3 /* Alarm.swift */ = {isa = PBXFileReference; fileEncoding = 4; lastKnownFileType = sourcecode.swift; path = Alarm.swift; sourceTree = "<group>"; };
		9F8ABA171C94C691009DE4D3 /* AlertsUtils.swift */ = {isa = PBXFileReference; fileEncoding = 4; lastKnownFileType = sourcecode.swift; path = AlertsUtils.swift; sourceTree = "<group>"; };
		9FA896941C86302500AEF51F /* Wake App.app */ = {isa = PBXFileReference; explicitFileType = wrapper.application; includeInIndex = 0; path = "Wake App.app"; sourceTree = BUILT_PRODUCTS_DIR; };
		9FA896971C86302500AEF51F /* AppDelegate.swift */ = {isa = PBXFileReference; lastKnownFileType = sourcecode.swift; path = AppDelegate.swift; sourceTree = "<group>"; };
		9FA896991C86302500AEF51F /* AlarmViewController.swift */ = {isa = PBXFileReference; lastKnownFileType = sourcecode.swift; path = AlarmViewController.swift; sourceTree = "<group>"; };
		9FA8969C1C86302500AEF51F /* Base */ = {isa = PBXFileReference; lastKnownFileType = file.storyboard; name = Base; path = Base.lproj/Main.storyboard; sourceTree = "<group>"; };
		9FA8969E1C86302500AEF51F /* Assets.xcassets */ = {isa = PBXFileReference; lastKnownFileType = folder.assetcatalog; path = Assets.xcassets; sourceTree = "<group>"; };
		9FA896A11C86302500AEF51F /* Base */ = {isa = PBXFileReference; lastKnownFileType = file.storyboard; name = Base; path = Base.lproj/LaunchScreen.storyboard; sourceTree = "<group>"; };
		9FA896A31C86302500AEF51F /* Info.plist */ = {isa = PBXFileReference; lastKnownFileType = text.plist.xml; path = Info.plist; sourceTree = "<group>"; };
		9FA896A81C86302500AEF51F /* AlarmTests.xctest */ = {isa = PBXFileReference; explicitFileType = wrapper.cfbundle; includeInIndex = 0; path = AlarmTests.xctest; sourceTree = BUILT_PRODUCTS_DIR; };
		9FA896AC1C86302500AEF51F /* AlarmTests.swift */ = {isa = PBXFileReference; lastKnownFileType = sourcecode.swift; path = AlarmTests.swift; sourceTree = "<group>"; };
		9FA896AE1C86302500AEF51F /* Info.plist */ = {isa = PBXFileReference; lastKnownFileType = text.plist.xml; path = Info.plist; sourceTree = "<group>"; };
		9FA896B31C86302500AEF51F /* AlarmUITests.xctest */ = {isa = PBXFileReference; explicitFileType = wrapper.cfbundle; includeInIndex = 0; path = AlarmUITests.xctest; sourceTree = BUILT_PRODUCTS_DIR; };
		9FA896B71C86302500AEF51F /* AlarmUITests.swift */ = {isa = PBXFileReference; lastKnownFileType = sourcecode.swift; path = AlarmUITests.swift; sourceTree = "<group>"; };
		9FA896B91C86302500AEF51F /* Info.plist */ = {isa = PBXFileReference; lastKnownFileType = text.plist.xml; path = Info.plist; sourceTree = "<group>"; };
		9FB299971C94607E00C6D4D2 /* theme2.mp3 */ = {isa = PBXFileReference; lastKnownFileType = audio.mp3; path = theme2.mp3; sourceTree = "<group>"; };
		9FB299981C94607E00C6D4D2 /* theme3.mp3 */ = {isa = PBXFileReference; lastKnownFileType = audio.mp3; path = theme3.mp3; sourceTree = "<group>"; };
		9FE940E41C90AA0600DD69A8 /* ambient1.mp3 */ = {isa = PBXFileReference; lastKnownFileType = audio.mp3; path = ambient1.mp3; sourceTree = "<group>"; };
		9FE940E61C90AA0600DD69A8 /* ambient3.mp3 */ = {isa = PBXFileReference; lastKnownFileType = audio.mp3; path = ambient3.mp3; sourceTree = "<group>"; };
		9FE940F01C90AA2700DD69A8 /* voice1.mp3 */ = {isa = PBXFileReference; lastKnownFileType = audio.mp3; path = voice1.mp3; sourceTree = "<group>"; };
		9FE940F11C90AA2700DD69A8 /* voice2.mp3 */ = {isa = PBXFileReference; lastKnownFileType = audio.mp3; path = voice2.mp3; sourceTree = "<group>"; };
/* End PBXFileReference section */

/* Begin PBXFrameworksBuildPhase section */
		9FA896911C86302500AEF51F /* Frameworks */ = {
			isa = PBXFrameworksBuildPhase;
			buildActionMask = 2147483647;
			files = (
				B8078AEDC7E3948D05360849 /* Pods.framework in Frameworks */,
			);
			runOnlyForDeploymentPostprocessing = 0;
		};
		9FA896A51C86302500AEF51F /* Frameworks */ = {
			isa = PBXFrameworksBuildPhase;
			buildActionMask = 2147483647;
			files = (
			);
			runOnlyForDeploymentPostprocessing = 0;
		};
		9FA896B01C86302500AEF51F /* Frameworks */ = {
			isa = PBXFrameworksBuildPhase;
			buildActionMask = 2147483647;
			files = (
			);
			runOnlyForDeploymentPostprocessing = 0;
		};
/* End PBXFrameworksBuildPhase section */

/* Begin PBXGroup section */
		30ACCC9E10429A3CAD29ED9F /* Frameworks */ = {
			isa = PBXGroup;
			children = (
				7F1ED0B4611F74D735DFD3EB /* Pods.framework */,
			);
			name = Frameworks;
			sourceTree = "<group>";
		};
		9FA8968B1C86302500AEF51F = {
			isa = PBXGroup;
			children = (
				9FA896961C86302500AEF51F /* Alarm */,
				9FF7FF801C945E37009142D9 /* Assets */,
				9FF7FF841C945EB9009142D9 /* Supporting Files */,
				9FA896AB1C86302500AEF51F /* AlarmTests */,
				9FA896B61C86302500AEF51F /* AlarmUITests */,
				9FA896951C86302500AEF51F /* Products */,
				B510AB5D9CABFE42B9262ADA /* Pods */,
				30ACCC9E10429A3CAD29ED9F /* Frameworks */,
			);
			sourceTree = "<group>";
		};
		9FA896951C86302500AEF51F /* Products */ = {
			isa = PBXGroup;
			children = (
				9FA896941C86302500AEF51F /* Wake App.app */,
				9FA896A81C86302500AEF51F /* AlarmTests.xctest */,
				9FA896B31C86302500AEF51F /* AlarmUITests.xctest */,
			);
			name = Products;
			sourceTree = "<group>";
		};
		9FA896961C86302500AEF51F /* Alarm */ = {
			isa = PBXGroup;
			children = (
				9FA896971C86302500AEF51F /* AppDelegate.swift */,
				9FF7FF7F1C945E32009142D9 /* Managers */,
				9FF7FF811C945E55009142D9 /* Models */,
				9FF7FF831C945E64009142D9 /* Utilities */,
				9FF7FF821C945E5C009142D9 /* Views */,
			);
			path = Alarm;
			sourceTree = "<group>";
		};
		9FA896AB1C86302500AEF51F /* AlarmTests */ = {
			isa = PBXGroup;
			children = (
				9FA896AC1C86302500AEF51F /* AlarmTests.swift */,
				9FA896AE1C86302500AEF51F /* Info.plist */,
			);
			path = AlarmTests;
			sourceTree = "<group>";
		};
		9FA896B61C86302500AEF51F /* AlarmUITests */ = {
			isa = PBXGroup;
			children = (
				9FA896B71C86302500AEF51F /* AlarmUITests.swift */,
				9FA896B91C86302500AEF51F /* Info.plist */,
			);
			path = AlarmUITests;
			sourceTree = "<group>";
		};
		9FE940E01C90A9C500DD69A8 /* Sounds */ = {
			isa = PBXGroup;
			children = (
				9FE940E31C90A9E900DD69A8 /* voice */,
				9FE940E21C90A9E400DD69A8 /* theme */,
				9FE940E11C90A9DE00DD69A8 /* ambient */,
			);
			name = Sounds;
			sourceTree = "<group>";
		};
		9FE940E11C90A9DE00DD69A8 /* ambient */ = {
			isa = PBXGroup;
			children = (
				9FE940E41C90AA0600DD69A8 /* ambient1.mp3 */,
				9FE940E61C90AA0600DD69A8 /* ambient3.mp3 */,
			);
			name = ambient;
			sourceTree = "<group>";
		};
		9FE940E21C90A9E400DD69A8 /* theme */ = {
			isa = PBXGroup;
			children = (
				9FB299971C94607E00C6D4D2 /* theme2.mp3 */,
				9FB299981C94607E00C6D4D2 /* theme3.mp3 */,
			);
			name = theme;
			sourceTree = "<group>";
		};
		9FE940E31C90A9E900DD69A8 /* voice */ = {
			isa = PBXGroup;
			children = (
				9FE940F01C90AA2700DD69A8 /* voice1.mp3 */,
				9FE940F11C90AA2700DD69A8 /* voice2.mp3 */,
				9F7EE5D71C9F055C00488D49 /* voice3.mp3 */,
			);
			name = voice;
			sourceTree = "<group>";
		};
		9FF7FF7F1C945E32009142D9 /* Managers */ = {
			isa = PBXGroup;
			children = (
				9F29F2A91C99D9BE00605210 /* AudioPlayerManager.swift */,
			);
			name = Managers;
			sourceTree = "<group>";
		};
		9FF7FF801C945E37009142D9 /* Assets */ = {
			isa = PBXGroup;
			children = (
				9FA896A01C86302500AEF51F /* LaunchScreen.storyboard */,
				9FA8969E1C86302500AEF51F /* Assets.xcassets */,
				9FE940E01C90A9C500DD69A8 /* Sounds */,
			);
			name = Assets;
			path = Alarm;
			sourceTree = "<group>";
		};
		9FF7FF811C945E55009142D9 /* Models */ = {
			isa = PBXGroup;
			children = (
				9F8ABA141C949D80009DE4D3 /* Alarm.swift */,
				9F8ABA101C949890009DE4D3 /* AudioTrack.swift */,
			);
			name = Models;
			sourceTree = "<group>";
		};
		9FF7FF821C945E5C009142D9 /* Views */ = {
			isa = PBXGroup;
			children = (
				9FA8969B1C86302500AEF51F /* Main.storyboard */,
				9FA896991C86302500AEF51F /* AlarmViewController.swift */,
				9F8ABA0C1C9464E0009DE4D3 /* ConfigureViewController.swift */,
				9F8ABA0A1C9464B4009DE4D3 /* ConfigureViewController.storyboard */,
			);
			name = Views;
			sourceTree = "<group>";
		};
		9FF7FF831C945E64009142D9 /* Utilities */ = {
			isa = PBXGroup;
			children = (
				9F8ABA171C94C691009DE4D3 /* AlertsUtils.swift */,
				9F8ABA0E1C946FA5009DE4D3 /* ThreadHandler.swift */,
			);
			name = Utilities;
			sourceTree = "<group>";
		};
		9FF7FF841C945EB9009142D9 /* Supporting Files */ = {
			isa = PBXGroup;
			children = (
				9FA896A31C86302500AEF51F /* Info.plist */,
			);
			name = "Supporting Files";
			path = Alarm;
			sourceTree = "<group>";
		};
		B510AB5D9CABFE42B9262ADA /* Pods */ = {
			isa = PBXGroup;
			children = (
				8CBC5D31F711DA7198BED1DD /* Pods.debug.xcconfig */,
				4B59CD66BD5E895336EFF690 /* Pods.release.xcconfig */,
			);
			name = Pods;
			sourceTree = "<group>";
		};
/* End PBXGroup section */

/* Begin PBXNativeTarget section */
		9FA896931C86302500AEF51F /* Alarm */ = {
			isa = PBXNativeTarget;
			buildConfigurationList = 9FA896BC1C86302500AEF51F /* Build configuration list for PBXNativeTarget "Alarm" */;
			buildPhases = (
				3FFF6BAB427F49D0B47DE95D /* Check Pods Manifest.lock */,
				9FA896901C86302500AEF51F /* Sources */,
				9FA896911C86302500AEF51F /* Frameworks */,
				9FA896921C86302500AEF51F /* Resources */,
				325675C48A9E107C787A39BA /* Embed Pods Frameworks */,
				1ECFD8F1E35612B0308467BA /* Copy Pods Resources */,
				9FA783671C8ED4F100C99B93 /* ShellScript */,
			);
			buildRules = (
			);
			dependencies = (
			);
			name = Alarm;
			productName = Alarm;
			productReference = 9FA896941C86302500AEF51F /* Wake App.app */;
			productType = "com.apple.product-type.application";
		};
		9FA896A71C86302500AEF51F /* AlarmTests */ = {
			isa = PBXNativeTarget;
			buildConfigurationList = 9FA896BF1C86302500AEF51F /* Build configuration list for PBXNativeTarget "AlarmTests" */;
			buildPhases = (
				9FA896A41C86302500AEF51F /* Sources */,
				9FA896A51C86302500AEF51F /* Frameworks */,
				9FA896A61C86302500AEF51F /* Resources */,
			);
			buildRules = (
			);
			dependencies = (
				9FA896AA1C86302500AEF51F /* PBXTargetDependency */,
			);
			name = AlarmTests;
			productName = AlarmTests;
			productReference = 9FA896A81C86302500AEF51F /* AlarmTests.xctest */;
			productType = "com.apple.product-type.bundle.unit-test";
		};
		9FA896B21C86302500AEF51F /* AlarmUITests */ = {
			isa = PBXNativeTarget;
			buildConfigurationList = 9FA896C21C86302500AEF51F /* Build configuration list for PBXNativeTarget "AlarmUITests" */;
			buildPhases = (
				9FA896AF1C86302500AEF51F /* Sources */,
				9FA896B01C86302500AEF51F /* Frameworks */,
				9FA896B11C86302500AEF51F /* Resources */,
			);
			buildRules = (
			);
			dependencies = (
				9FA896B51C86302500AEF51F /* PBXTargetDependency */,
			);
			name = AlarmUITests;
			productName = AlarmUITests;
			productReference = 9FA896B31C86302500AEF51F /* AlarmUITests.xctest */;
			productType = "com.apple.product-type.bundle.ui-testing";
		};
/* End PBXNativeTarget section */

/* Begin PBXProject section */
		9FA8968C1C86302500AEF51F /* Project object */ = {
			isa = PBXProject;
			attributes = {
				LastSwiftUpdateCheck = 0720;
				LastUpgradeCheck = 0720;
				ORGANIZATIONNAME = "Manuel Marcos Regalado";
				TargetAttributes = {
					9FA896931C86302500AEF51F = {
						CreatedOnToolsVersion = 7.2.1;
						DevelopmentTeam = QQK3SNQ9YP;
					};
					9FA896A71C86302500AEF51F = {
						CreatedOnToolsVersion = 7.2.1;
						TestTargetID = 9FA896931C86302500AEF51F;
					};
					9FA896B21C86302500AEF51F = {
						CreatedOnToolsVersion = 7.2.1;
						TestTargetID = 9FA896931C86302500AEF51F;
					};
				};
			};
			buildConfigurationList = 9FA8968F1C86302500AEF51F /* Build configuration list for PBXProject "Alarm" */;
			compatibilityVersion = "Xcode 3.2";
			developmentRegion = English;
			hasScannedForEncodings = 0;
			knownRegions = (
				en,
				Base,
			);
			mainGroup = 9FA8968B1C86302500AEF51F;
			productRefGroup = 9FA896951C86302500AEF51F /* Products */;
			projectDirPath = "";
			projectRoot = "";
			targets = (
				9FA896931C86302500AEF51F /* Alarm */,
				9FA896A71C86302500AEF51F /* AlarmTests */,
				9FA896B21C86302500AEF51F /* AlarmUITests */,
			);
		};
/* End PBXProject section */

/* Begin PBXResourcesBuildPhase section */
		9FA896921C86302500AEF51F /* Resources */ = {
			isa = PBXResourcesBuildPhase;
			buildActionMask = 2147483647;
			files = (
				9FE940F41C90AA2700DD69A8 /* voice2.mp3 in Resources */,
				9FA896A21C86302500AEF51F /* LaunchScreen.storyboard in Resources */,
				9FE940E91C90AA0600DD69A8 /* ambient3.mp3 in Resources */,
				9FE940E71C90AA0600DD69A8 /* ambient1.mp3 in Resources */,
				9FA8969F1C86302500AEF51F /* Assets.xcassets in Resources */,
				9F7EE5D81C9F055C00488D49 /* voice3.mp3 in Resources */,
				9FE940F31C90AA2700DD69A8 /* voice1.mp3 in Resources */,
				9FA8969D1C86302500AEF51F /* Main.storyboard in Resources */,
				9FB2999B1C94607E00C6D4D2 /* theme3.mp3 in Resources */,
				9FB2999A1C94607E00C6D4D2 /* theme2.mp3 in Resources */,
				9F8ABA0B1C9464B4009DE4D3 /* ConfigureViewController.storyboard in Resources */,
			);
			runOnlyForDeploymentPostprocessing = 0;
		};
		9FA896A61C86302500AEF51F /* Resources */ = {
			isa = PBXResourcesBuildPhase;
			buildActionMask = 2147483647;
			files = (
			);
			runOnlyForDeploymentPostprocessing = 0;
		};
		9FA896B11C86302500AEF51F /* Resources */ = {
			isa = PBXResourcesBuildPhase;
			buildActionMask = 2147483647;
			files = (
			);
			runOnlyForDeploymentPostprocessing = 0;
		};
/* End PBXResourcesBuildPhase section */

/* Begin PBXShellScriptBuildPhase section */
		1ECFD8F1E35612B0308467BA /* Copy Pods Resources */ = {
			isa = PBXShellScriptBuildPhase;
			buildActionMask = 2147483647;
			files = (
			);
			inputPaths = (
			);
			name = "Copy Pods Resources";
			outputPaths = (
			);
			runOnlyForDeploymentPostprocessing = 0;
			shellPath = /bin/sh;
			shellScript = "\"${SRCROOT}/Pods/Target Support Files/Pods/Pods-resources.sh\"\n";
			showEnvVarsInLog = 0;
		};
		325675C48A9E107C787A39BA /* Embed Pods Frameworks */ = {
			isa = PBXShellScriptBuildPhase;
			buildActionMask = 2147483647;
			files = (
			);
			inputPaths = (
			);
			name = "Embed Pods Frameworks";
			outputPaths = (
			);
			runOnlyForDeploymentPostprocessing = 0;
			shellPath = /bin/sh;
			shellScript = "\"${SRCROOT}/Pods/Target Support Files/Pods/Pods-frameworks.sh\"\n";
			showEnvVarsInLog = 0;
		};
		3FFF6BAB427F49D0B47DE95D /* Check Pods Manifest.lock */ = {
			isa = PBXShellScriptBuildPhase;
			buildActionMask = 2147483647;
			files = (
			);
			inputPaths = (
			);
			name = "Check Pods Manifest.lock";
			outputPaths = (
			);
			runOnlyForDeploymentPostprocessing = 0;
			shellPath = /bin/sh;
			shellScript = "diff \"${PODS_ROOT}/../Podfile.lock\" \"${PODS_ROOT}/Manifest.lock\" > /dev/null\nif [[ $? != 0 ]] ; then\n    cat << EOM\nerror: The sandbox is not in sync with the Podfile.lock. Run 'pod install' or update your CocoaPods installation.\nEOM\n    exit 1\nfi\n";
			showEnvVarsInLog = 0;
		};
		9FA783671C8ED4F100C99B93 /* ShellScript */ = {
			isa = PBXShellScriptBuildPhase;
			buildActionMask = 2147483647;
			files = (
			);
			inputPaths = (
			);
			outputPaths = (
			);
			runOnlyForDeploymentPostprocessing = 0;
			shellPath = /bin/sh;
			shellScript = "\"${PODS_ROOT}/Fabric/run\" 2fda9fe7e5c2941fdb7f06b8114c78849e720cb2 bfd5ef97c9a1860d5d13108208d972e6a08a50b2ebe99dea45950d21353d7170";
		};
/* End PBXShellScriptBuildPhase section */

/* Begin PBXSourcesBuildPhase section */
		9FA896901C86302500AEF51F /* Sources */ = {
			isa = PBXSourcesBuildPhase;
			buildActionMask = 2147483647;
			files = (
				9F8ABA0F1C946FA5009DE4D3 /* ThreadHandler.swift in Sources */,
				9F8ABA181C94C691009DE4D3 /* AlertsUtils.swift in Sources */,
				9F8ABA111C949890009DE4D3 /* AudioTrack.swift in Sources */,
				9FA8969A1C86302500AEF51F /* AlarmViewController.swift in Sources */,
				9FA896981C86302500AEF51F /* AppDelegate.swift in Sources */,
				9F29F2AA1C99D9BE00605210 /* AudioPlayerManager.swift in Sources */,
				9F8ABA151C949D80009DE4D3 /* Alarm.swift in Sources */,
				9F8ABA0D1C9464E0009DE4D3 /* ConfigureViewController.swift in Sources */,
			);
			runOnlyForDeploymentPostprocessing = 0;
		};
		9FA896A41C86302500AEF51F /* Sources */ = {
			isa = PBXSourcesBuildPhase;
			buildActionMask = 2147483647;
			files = (
				9FA896AD1C86302500AEF51F /* AlarmTests.swift in Sources */,
			);
			runOnlyForDeploymentPostprocessing = 0;
		};
		9FA896AF1C86302500AEF51F /* Sources */ = {
			isa = PBXSourcesBuildPhase;
			buildActionMask = 2147483647;
			files = (
				9FA896B81C86302500AEF51F /* AlarmUITests.swift in Sources */,
			);
			runOnlyForDeploymentPostprocessing = 0;
		};
/* End PBXSourcesBuildPhase section */

/* Begin PBXTargetDependency section */
		9FA896AA1C86302500AEF51F /* PBXTargetDependency */ = {
			isa = PBXTargetDependency;
			target = 9FA896931C86302500AEF51F /* Alarm */;
			targetProxy = 9FA896A91C86302500AEF51F /* PBXContainerItemProxy */;
		};
		9FA896B51C86302500AEF51F /* PBXTargetDependency */ = {
			isa = PBXTargetDependency;
			target = 9FA896931C86302500AEF51F /* Alarm */;
			targetProxy = 9FA896B41C86302500AEF51F /* PBXContainerItemProxy */;
		};
/* End PBXTargetDependency section */

/* Begin PBXVariantGroup section */
		9FA8969B1C86302500AEF51F /* Main.storyboard */ = {
			isa = PBXVariantGroup;
			children = (
				9FA8969C1C86302500AEF51F /* Base */,
			);
			name = Main.storyboard;
			sourceTree = "<group>";
		};
		9FA896A01C86302500AEF51F /* LaunchScreen.storyboard */ = {
			isa = PBXVariantGroup;
			children = (
				9FA896A11C86302500AEF51F /* Base */,
			);
			name = LaunchScreen.storyboard;
			sourceTree = "<group>";
		};
/* End PBXVariantGroup section */

/* Begin XCBuildConfiguration section */
		9FA896BA1C86302500AEF51F /* Debug */ = {
			isa = XCBuildConfiguration;
			buildSettings = {
				ALWAYS_SEARCH_USER_PATHS = NO;
				CLANG_CXX_LANGUAGE_STANDARD = "gnu++0x";
				CLANG_CXX_LIBRARY = "libc++";
				CLANG_ENABLE_MODULES = YES;
				CLANG_ENABLE_OBJC_ARC = YES;
				CLANG_WARN_BOOL_CONVERSION = YES;
				CLANG_WARN_CONSTANT_CONVERSION = YES;
				CLANG_WARN_DIRECT_OBJC_ISA_USAGE = YES_ERROR;
				CLANG_WARN_EMPTY_BODY = YES;
				CLANG_WARN_ENUM_CONVERSION = YES;
				CLANG_WARN_INT_CONVERSION = YES;
				CLANG_WARN_OBJC_ROOT_CLASS = YES_ERROR;
				CLANG_WARN_UNREACHABLE_CODE = YES;
				CLANG_WARN__DUPLICATE_METHOD_MATCH = YES;
				CODE_SIGN_IDENTITY = "iPhone Developer";
				"CODE_SIGN_IDENTITY[sdk=iphoneos*]" = "iPhone Developer";
				COPY_PHASE_STRIP = NO;
				DEBUG_INFORMATION_FORMAT = dwarf;
				ENABLE_STRICT_OBJC_MSGSEND = YES;
				ENABLE_TESTABILITY = YES;
				GCC_C_LANGUAGE_STANDARD = gnu99;
				GCC_DYNAMIC_NO_PIC = NO;
				GCC_NO_COMMON_BLOCKS = YES;
				GCC_OPTIMIZATION_LEVEL = 0;
				GCC_PREPROCESSOR_DEFINITIONS = (
					"DEBUG=1",
					"$(inherited)",
				);
				GCC_WARN_64_TO_32_BIT_CONVERSION = YES;
				GCC_WARN_ABOUT_RETURN_TYPE = YES_ERROR;
				GCC_WARN_UNDECLARED_SELECTOR = YES;
				GCC_WARN_UNINITIALIZED_AUTOS = YES_AGGRESSIVE;
				GCC_WARN_UNUSED_FUNCTION = YES;
				GCC_WARN_UNUSED_VARIABLE = YES;
				IPHONEOS_DEPLOYMENT_TARGET = 9.2;
				MTL_ENABLE_DEBUG_INFO = YES;
				ONLY_ACTIVE_ARCH = YES;
				SDKROOT = iphoneos;
				SWIFT_OPTIMIZATION_LEVEL = "-Onone";
				TARGETED_DEVICE_FAMILY = "1,2";
			};
			name = Debug;
		};
		9FA896BB1C86302500AEF51F /* Release */ = {
			isa = XCBuildConfiguration;
			buildSettings = {
				ALWAYS_SEARCH_USER_PATHS = NO;
				CLANG_CXX_LANGUAGE_STANDARD = "gnu++0x";
				CLANG_CXX_LIBRARY = "libc++";
				CLANG_ENABLE_MODULES = YES;
				CLANG_ENABLE_OBJC_ARC = YES;
				CLANG_WARN_BOOL_CONVERSION = YES;
				CLANG_WARN_CONSTANT_CONVERSION = YES;
				CLANG_WARN_DIRECT_OBJC_ISA_USAGE = YES_ERROR;
				CLANG_WARN_EMPTY_BODY = YES;
				CLANG_WARN_ENUM_CONVERSION = YES;
				CLANG_WARN_INT_CONVERSION = YES;
				CLANG_WARN_OBJC_ROOT_CLASS = YES_ERROR;
				CLANG_WARN_UNREACHABLE_CODE = YES;
				CLANG_WARN__DUPLICATE_METHOD_MATCH = YES;
				CODE_SIGN_IDENTITY = "iPhone Distribution";
				"CODE_SIGN_IDENTITY[sdk=iphoneos*]" = "iPhone Distribution";
				COPY_PHASE_STRIP = NO;
				DEBUG_INFORMATION_FORMAT = "dwarf-with-dsym";
				ENABLE_NS_ASSERTIONS = NO;
				ENABLE_STRICT_OBJC_MSGSEND = YES;
				GCC_C_LANGUAGE_STANDARD = gnu99;
				GCC_NO_COMMON_BLOCKS = YES;
				GCC_WARN_64_TO_32_BIT_CONVERSION = YES;
				GCC_WARN_ABOUT_RETURN_TYPE = YES_ERROR;
				GCC_WARN_UNDECLARED_SELECTOR = YES;
				GCC_WARN_UNINITIALIZED_AUTOS = YES_AGGRESSIVE;
				GCC_WARN_UNUSED_FUNCTION = YES;
				GCC_WARN_UNUSED_VARIABLE = YES;
				IPHONEOS_DEPLOYMENT_TARGET = 9.2;
				MTL_ENABLE_DEBUG_INFO = NO;
				SDKROOT = iphoneos;
				TARGETED_DEVICE_FAMILY = "1,2";
				VALIDATE_PRODUCT = YES;
			};
			name = Release;
		};
		9FA896BD1C86302500AEF51F /* Debug */ = {
			isa = XCBuildConfiguration;
			baseConfigurationReference = 8CBC5D31F711DA7198BED1DD /* Pods.debug.xcconfig */;
			buildSettings = {
				ASSETCATALOG_COMPILER_APPICON_NAME = AppIcon;
				CODE_SIGN_IDENTITY = "iPhone Developer";
				INFOPLIST_FILE = Alarm/Info.plist;
				IPHONEOS_DEPLOYMENT_TARGET = 9.0;
				LD_RUNPATH_SEARCH_PATHS = "$(inherited) @executable_path/Frameworks";
				PRODUCT_BUNDLE_IDENTIFIER = manuel.marcos.Alarm;
				PRODUCT_NAME = "Wake App";
				TARGETED_DEVICE_FAMILY = 1;
			};
			name = Debug;
		};
		9FA896BE1C86302500AEF51F /* Release */ = {
			isa = XCBuildConfiguration;
			baseConfigurationReference = 4B59CD66BD5E895336EFF690 /* Pods.release.xcconfig */;
			buildSettings = {
				ASSETCATALOG_COMPILER_APPICON_NAME = AppIcon;
				CODE_SIGN_IDENTITY = "iPhone Distribution";
				INFOPLIST_FILE = Alarm/Info.plist;
				IPHONEOS_DEPLOYMENT_TARGET = 9.0;
				LD_RUNPATH_SEARCH_PATHS = "$(inherited) @executable_path/Frameworks";
				PRODUCT_BUNDLE_IDENTIFIER = manuel.marcos.Alarm;
				PRODUCT_NAME = "Wake App";
				TARGETED_DEVICE_FAMILY = 1;
			};
			name = Release;
		};
		9FA896C01C86302500AEF51F /* Debug */ = {
			isa = XCBuildConfiguration;
			buildSettings = {
				BUNDLE_LOADER = "$(TEST_HOST)";
				INFOPLIST_FILE = AlarmTests/Info.plist;
				LD_RUNPATH_SEARCH_PATHS = "$(inherited) @executable_path/Frameworks @loader_path/Frameworks";
				PRODUCT_BUNDLE_IDENTIFIER = manuel.marcos.AlarmTests;
				PRODUCT_NAME = "$(TARGET_NAME)";
				TEST_HOST = "$(BUILT_PRODUCTS_DIR)/Alarm.app/Alarm";
			};
			name = Debug;
		};
		9FA896C11C86302500AEF51F /* Release */ = {
			isa = XCBuildConfiguration;
			buildSettings = {
				BUNDLE_LOADER = "$(TEST_HOST)";
				INFOPLIST_FILE = AlarmTests/Info.plist;
				LD_RUNPATH_SEARCH_PATHS = "$(inherited) @executable_path/Frameworks @loader_path/Frameworks";
				PRODUCT_BUNDLE_IDENTIFIER = manuel.marcos.AlarmTests;
				PRODUCT_NAME = "$(TARGET_NAME)";
				TEST_HOST = "$(BUILT_PRODUCTS_DIR)/Alarm.app/Alarm";
			};
			name = Release;
		};
		9FA896C31C86302500AEF51F /* Debug */ = {
			isa = XCBuildConfiguration;
			buildSettings = {
				INFOPLIST_FILE = AlarmUITests/Info.plist;
				LD_RUNPATH_SEARCH_PATHS = "$(inherited) @executable_path/Frameworks @loader_path/Frameworks";
				PRODUCT_BUNDLE_IDENTIFIER = manuel.marcos.AlarmUITests;
				PRODUCT_NAME = "$(TARGET_NAME)";
				TEST_TARGET_NAME = Alarm;
				USES_XCTRUNNER = YES;
			};
			name = Debug;
		};
		9FA896C41C86302500AEF51F /* Release */ = {
			isa = XCBuildConfiguration;
			buildSettings = {
				INFOPLIST_FILE = AlarmUITests/Info.plist;
				LD_RUNPATH_SEARCH_PATHS = "$(inherited) @executable_path/Frameworks @loader_path/Frameworks";
				PRODUCT_BUNDLE_IDENTIFIER = manuel.marcos.AlarmUITests;
				PRODUCT_NAME = "$(TARGET_NAME)";
				TEST_TARGET_NAME = Alarm;
				USES_XCTRUNNER = YES;
			};
			name = Release;
		};
/* End XCBuildConfiguration section */

/* Begin XCConfigurationList section */
		9FA8968F1C86302500AEF51F /* Build configuration list for PBXProject "Alarm" */ = {
			isa = XCConfigurationList;
			buildConfigurations = (
				9FA896BA1C86302500AEF51F /* Debug */,
				9FA896BB1C86302500AEF51F /* Release */,
			);
			defaultConfigurationIsVisible = 0;
			defaultConfigurationName = Release;
		};
		9FA896BC1C86302500AEF51F /* Build configuration list for PBXNativeTarget "Alarm" */ = {
			isa = XCConfigurationList;
			buildConfigurations = (
				9FA896BD1C86302500AEF51F /* Debug */,
				9FA896BE1C86302500AEF51F /* Release */,
			);
			defaultConfigurationIsVisible = 0;
			defaultConfigurationName = Release;
		};
		9FA896BF1C86302500AEF51F /* Build configuration list for PBXNativeTarget "AlarmTests" */ = {
			isa = XCConfigurationList;
			buildConfigurations = (
				9FA896C01C86302500AEF51F /* Debug */,
				9FA896C11C86302500AEF51F /* Release */,
			);
			defaultConfigurationIsVisible = 0;
			defaultConfigurationName = Release;
		};
		9FA896C21C86302500AEF51F /* Build configuration list for PBXNativeTarget "AlarmUITests" */ = {
			isa = XCConfigurationList;
			buildConfigurations = (
				9FA896C31C86302500AEF51F /* Debug */,
				9FA896C41C86302500AEF51F /* Release */,
			);
			defaultConfigurationIsVisible = 0;
			defaultConfigurationName = Release;
		};
/* End XCConfigurationList section */
	};
	rootObject = 9FA8968C1C86302500AEF51F /* Project object */;
}
